{
  "requires": true,
  "lockfileVersion": 1,
  "dependencies": {
    "@types/body-parser": {
      "version": "1.17.1",
      "resolved": "https://artifactory.figo.systems/artifactory/api/npm/virtual_npm/@types/body-parser/-/body-parser-1.17.1.tgz",
      "integrity": "sha1-GPz2F2j7XDDMxQjCHW/S6LO/eJc=",
      "requires": {
        "@types/connect": "*",
        "@types/node": "*"
      }
    },
    "@types/connect": {
      "version": "3.4.32",
      "resolved": "https://artifactory.figo.systems/artifactory/api/npm/virtual_npm/@types/connect/-/connect-3.4.32.tgz",
      "integrity": "sha1-qg6WFrlDXMrQK8UrW0VP/Cxwuig=",
      "requires": {
        "@types/node": "*"
      }
    },
    "@types/express": {
      "version": "4.17.1",
      "resolved": "https://artifactory.figo.systems/artifactory/api/npm/virtual_npm/@types/express/-/express-4.17.1.tgz",
      "integrity": "sha1-TPeEmuO0cSWlZ9/uGL/KQlS4jFw=",
      "requires": {
        "@types/body-parser": "*",
        "@types/express-serve-static-core": "*",
        "@types/serve-static": "*"
      }
    },
    "@types/express-serve-static-core": {
      "version": "4.16.9",
      "resolved": "https://artifactory.figo.systems/artifactory/api/npm/virtual_npm/@types/express-serve-static-core/-/express-serve-static-core-4.16.9.tgz",
      "integrity": "sha1-aeAGQ7CBmwJL3t6VztP/I5u1RVg=",
      "requires": {
        "@types/node": "*",
        "@types/range-parser": "*"
      }
    },
    "@types/mime": {
      "version": "2.0.1",
      "resolved": "https://artifactory.figo.systems/artifactory/api/npm/virtual_npm/@types/mime/-/mime-2.0.1.tgz",
      "integrity": "sha1-3EiIQjEqfwdRSTEpBbXjwLBUx50="
    },
    "@types/node": {
      "version": "12.7.2",
      "resolved": "https://artifactory.figo.systems/artifactory/api/npm/virtual_npm/@types/node/-/node-12.7.2.tgz",
      "integrity": "sha1-xOY69eiCPOnMPws097mYwhcfDEQ="
    },
    "@types/range-parser": {
      "version": "1.2.3",
      "resolved": "https://artifactory.figo.systems/artifactory/api/npm/virtual_npm/@types/range-parser/-/range-parser-1.2.3.tgz",
      "integrity": "sha1-fuMwunyq+5gJC+zoal7kQRWQTCw="
    },
    "@types/serve-static": {
      "version": "1.13.3",
      "resolved": "https://artifactory.figo.systems/artifactory/api/npm/virtual_npm/@types/serve-static/-/serve-static-1.13.3.tgz",
      "integrity": "sha1-634cQcRGgnJVfol+kXHe1eLe2dE=",
      "requires": {
        "@types/express-serve-static-core": "*",
        "@types/mime": "*"
      }
    }
  }
}
